
Microsoft Visual Studio Solution File, Format Version 12.00
# Visual Studio Version 17
VisualStudioVersion = 17.3.32804.467
MinimumVisualStudioVersion = 10.0.40219.1
Project("{FAE04EC0-301F-11D3-BF4B-00C04F79EFBC}") = "MyFourthApi", "MyFourthApi\MyFourthApi.csproj", "{93927638-0C7A-4E55-92D1-913C5F7928BF}"
EndProject
Global
	GlobalSection(SolutionConfigurationPlatforms) = preSolution
		Debug|Any CPU = Debug|Any CPU
		Release|Any CPU = Release|Any CPU
	EndGlobalSection
	GlobalSection(ProjectConfigurationPlatforms) = postSolution
		{93927638-0C7A-4E55-92D1-913C5F7928BF}.Debug|Any CPU.ActiveCfg = Debug|Any CPU
		{93927638-0C7A-4E55-92D1-913C5F7928BF}.Debug|Any CPU.Build.0 = Debug|Any CPU
		{93927638-0C7A-4E55-92D1-913C5F7928BF}.Release|Any CPU.ActiveCfg = Release|Any CPU
		{93927638-0C7A-4E55-92D1-913C5F7928BF}.Release|Any CPU.Build.0 = Release|Any CPU
	EndGlobalSection
	GlobalSection(SolutionProperties) = preSolution
		HideSolutionNode = FALSE
	EndGlobalSection
	GlobalSection(ExtensibilityGlobals) = postSolution
		SolutionGuid = {E99955B6-5BC0-4086-A726-A2F1BC93E59D}
	EndGlobalSection
EndGlobal
